{
  "requires": true,
  "lockfileVersion": 1,
  "dependencies": {
    "bootstrap": {
      "version": "5.1.3",
      "resolved": "https://registry.npmmirror.com/bootstrap/download/bootstrap-5.1.3.tgz",
      "integrity": "sha1-uggbDBMPgQ+nCQCsvBxtPCj6jzQ="
    },
    "jquery": {
      "version": "3.6.0",
      "resolved": "https://registry.nlark.com/jquery/download/jquery-3.6.0.tgz",
      "integrity": "sha1-xyoJ8Vwb3OFC9J2/EXC9+K2sJHA="
    }
  }
}
